<?xml version="1.0" encoding="utf-8"?>
<Project ToolsVersion="4.0" xmlns="http://schemas.microsoft.com/developer/msbuild/2003">
  <ItemGroup>
    <Filter Include="源文件">
      <UniqueIdentifier>{4FC737F1-C7A5-4376-A066-2A32D752A2FF}</UniqueIdentifier>
      <Extensions>cpp;c;cc;cxx;c++;cppm;ixx;def;odl;idl;hpj;bat;asm;asmx</Extensions>
    </Filter>
    <Filter Include="头文件">
      <UniqueIdentifier>{93995380-89BD-4b04-88EB-625FBE52EBFB}</UniqueIdentifier>
      <Extensions>h;hh;hpp;hxx;h++;hm;inl;inc;ipp;xsd</Extensions>
    </Filter>
    <Filter Include="资源文件">
      <UniqueIdentifier>{67DA6AB6-F800-4c08-8B7A-83BB121AAD01}</UniqueIdentifier>
      <Extensions>rc;ico;cur;bmp;dlg;rc2;rct;bin;rgs;gif;jpg;jpeg;jpe;resx;tiff;tif;png;wav;mfcribbon-ms</Extensions>
    </Filter>
    <Filter Include="Shader">
      <UniqueIdentifier>{f96547b2-4767-4470-ad07-c3c4e9cd2505}</UniqueIdentifier>
    </Filter>
    <Filter Include="头文件\Bindable">
      <UniqueIdentifier>{590a9891-202a-45f2-8684-1bc562c5e3bf}</UniqueIdentifier>
    </Filter>
    <Filter Include="源文件\Bindable">
      <UniqueIdentifier>{368ec0ed-c754-4ec8-a5fe-5805b18f4cc5}</UniqueIdentifier>
    </Filter>
    <Filter Include="头文件\Drawable">
      <UniqueIdentifier>{a7034d8b-93e1-41a7-ada5-2f57bc590dd8}</UniqueIdentifier>
    </Filter>
    <Filter Include="源文件\Drawable">
      <UniqueIdentifier>{00e69487-feab-44ee-abf3-64783c026063}</UniqueIdentifier>
    </Filter>
    <Filter Include="Images">
      <UniqueIdentifier>{4b1ae91a-d4e3-42cc-9a6e-e80a25c254bc}</UniqueIdentifier>
    </Filter>
    <Filter Include="头文件\Geometry">
      <UniqueIdentifier>{211541c3-f547-4396-a26d-62343c915281}</UniqueIdentifier>
    </Filter>
    <Filter Include="imgui">
      <UniqueIdentifier>{f25e7cd6-3348-4c2e-83d7-f0c225d09be0}</UniqueIdentifier>
    </Filter>
    <Filter Include="头文件\GraphicsBase">
      <UniqueIdentifier>{54c81131-2ed2-4696-b8d7-a6b9b3a78612}</UniqueIdentifier>
    </Filter>
    <Filter Include="源文件\GraphicsBase">
      <UniqueIdentifier>{a661f96f-823d-4430-9d45-23edbce7c361}</UniqueIdentifier>
    </Filter>
    <Filter Include="源文件\SimObject">
      <UniqueIdentifier>{94e505d8-93b7-4a77-8898-30fc9dd43833}</UniqueIdentifier>
    </Filter>
    <Filter Include="头文件\SimObject">
      <UniqueIdentifier>{1fef6975-92f3-4b79-8d9c-709c876c93be}</UniqueIdentifier>
    </Filter>
    <Filter Include="头文件\SimObject\Physics">
      <UniqueIdentifier>{5c7b2245-940c-4bcb-ac70-213b2a6d2256}</UniqueIdentifier>
    </Filter>
    <Filter Include="源文件\SimObject\Physics">
      <UniqueIdentifier>{8aa7cba4-e2ae-4d63-bbd4-4b53a0d0cdfa}</UniqueIdentifier>
    </Filter>
    <Filter Include="头文件\SimObject\Control">
      <UniqueIdentifier>{453a520d-faf4-466a-86de-a0d49198e1e6}</UniqueIdentifier>
    </Filter>
    <Filter Include="源文件\SimObject\Control">
      <UniqueIdentifier>{6c26afa0-d491-494d-abbc-8cc89efba4fc}</UniqueIdentifier>
    </Filter>
  </ItemGroup>
  <ItemGroup>
    <ClCompile Include="Window.cpp">
      <Filter>源文件</Filter>
    </ClCompile>
    <ClCompile Include="WinMain.cpp">
      <Filter>源文件</Filter>
    </ClCompile>
    <ClCompile Include="ExceptionHandle.cpp">
      <Filter>源文件</Filter>
    </ClCompile>
    <ClCompile Include="Keyboard.cpp">
      <Filter>源文件</Filter>
    </ClCompile>
    <ClCompile Include="Mouse.cpp">
      <Filter>源文件</Filter>
    </ClCompile>
    <ClCompile Include="App.cpp">
      <Filter>源文件</Filter>
    </ClCompile>
    <ClCompile Include="Graphics.cpp">
      <Filter>源文件</Filter>
    </ClCompile>
    <ClCompile Include="IndexBuffer.cpp">
      <Filter>源文件\Bindable</Filter>
    </ClCompile>
    <ClCompile Include="Topology.cpp">
      <Filter>源文件\Bindable</Filter>
    </ClCompile>
    <ClCompile Include="InputLayout.cpp">
      <Filter>源文件\Bindable</Filter>
    </ClCompile>
    <ClCompile Include="VertexBuffer.cpp">
      <Filter>源文件\Bindable</Filter>
    </ClCompile>
    <ClCompile Include="PixelShader.cpp">
      <Filter>源文件\Bindable</Filter>
    </ClCompile>
    <ClCompile Include="VertexShader.cpp">
      <Filter>源文件\Bindable</Filter>
    </ClCompile>
    <ClCompile Include="Drawable.cpp">
      <Filter>源文件\Drawable</Filter>
    </ClCompile>
    <ClCompile Include="Box.cpp">
      <Filter>源文件\Drawable</Filter>
    </ClCompile>
    <ClCompile Include="TransformCbuf.cpp">
      <Filter>源文件\Bindable</Filter>
    </ClCompile>
    <ClCompile Include="Bindable.cpp">
      <Filter>源文件\Bindable</Filter>
    </ClCompile>
    <ClCompile Include="Melon.cpp">
      <Filter>源文件\Drawable</Filter>
    </ClCompile>
    <ClCompile Include="Pyramid.cpp">
      <Filter>源文件\Drawable</Filter>
    </ClCompile>
    <ClCompile Include="Surface.cpp">
      <Filter>源文件\Drawable</Filter>
    </ClCompile>
    <ClCompile Include="Sampler.cpp">
      <Filter>源文件\Bindable</Filter>
    </ClCompile>
    <ClCompile Include="Texture.cpp">
      <Filter>源文件\Bindable</Filter>
    </ClCompile>
    <ClCompile Include="SkinnedBox.cpp">
      <Filter>源文件\Drawable</Filter>
    </ClCompile>
    <ClCompile Include="Sheet.cpp">
      <Filter>源文件\Drawable</Filter>
    </ClCompile>
    <ClCompile Include="ImguiManager.cpp">
      <Filter>源文件</Filter>
    </ClCompile>
    <ClCompile Include="imgui\imgui_impl_win32.cpp">
      <Filter>imgui</Filter>
    </ClCompile>
    <ClCompile Include="imgui\imgui.cpp">
      <Filter>imgui</Filter>
    </ClCompile>
    <ClCompile Include="imgui\imgui_demo.cpp">
      <Filter>imgui</Filter>
    </ClCompile>
    <ClCompile Include="imgui\imgui_impl_dx11.cpp">
      <Filter>imgui</Filter>
    </ClCompile>
    <ClCompile Include="imgui\imgui_widgets.cpp">
      <Filter>imgui</Filter>
    </ClCompile>
    <ClCompile Include="imgui\imgui_draw.cpp">
      <Filter>imgui</Filter>
    </ClCompile>
    <ClCompile Include="imgui\imgui_tables.cpp">
      <Filter>imgui</Filter>
    </ClCompile>
    <ClCompile Include="Camera.cpp">
      <Filter>源文件\GraphicsBase</Filter>
    </ClCompile>
    <ClCompile Include="PointLight.cpp">
      <Filter>源文件\GraphicsBase</Filter>
    </ClCompile>
    <ClCompile Include="SolidSphere.cpp">
      <Filter>源文件\Drawable</Filter>
    </ClCompile>
    <ClCompile Include="SimObjectBase.cpp">
      <Filter>源文件\SimObject</Filter>
    </ClCompile>
    <ClCompile Include="ObjForces.cpp">
      <Filter>源文件\SimObject\Physics</Filter>
    </ClCompile>
    <ClCompile Include="AssModel.cpp">
      <Filter>源文件</Filter>
    </ClCompile>
    <ClCompile Include="EngineControl.cpp">
      <Filter>源文件\SimObject\Control</Filter>
    </ClCompile>
    <ClCompile Include="ProTimer.cpp">
      <Filter>源文件</Filter>
    </ClCompile>
    <ClCompile Include="ControlBase.cpp">
      <Filter>源文件\SimObject\Control</Filter>
    </ClCompile>
  </ItemGroup>
  <ItemGroup>
    <ClInclude Include="Window.h">
      <Filter>头文件</Filter>
    </ClInclude>
    <ClInclude Include="resource.h">
      <Filter>头文件</Filter>
    </ClInclude>
    <ClInclude Include="ExceptionHandle.h">
      <Filter>头文件</Filter>
    </ClInclude>
    <ClInclude Include="Keyboard.h">
      <Filter>头文件</Filter>
    </ClInclude>
    <ClInclude Include="Mouse.h">
      <Filter>头文件</Filter>
    </ClInclude>
    <ClInclude Include="App.h">
      <Filter>头文件</Filter>
    </ClInclude>
    <ClInclude Include="ProTimer.h">
      <Filter>头文件</Filter>
    </ClInclude>
    <ClInclude Include="IndexBuffer.h">
      <Filter>头文件\Bindable</Filter>
    </ClInclude>
    <ClInclude Include="ConstantBuffer.h">
      <Filter>头文件\Bindable</Filter>
    </ClInclude>
    <ClInclude Include="Topology.h">
      <Filter>头文件\Bindable</Filter>
    </ClInclude>
    <ClInclude Include="InputLayout.h">
      <Filter>头文件\Bindable</Filter>
    </ClInclude>
    <ClInclude Include="VertexBuffer.h">
      <Filter>头文件\Bindable</Filter>
    </ClInclude>
    <ClInclude Include="PixelShader.h">
      <Filter>头文件\Bindable</Filter>
    </ClInclude>
    <ClInclude Include="VertexShader.h">
      <Filter>头文件\Bindable</Filter>
    </ClInclude>
    <ClInclude Include="Drawable.h">
      <Filter>头文件\Drawable</Filter>
    </ClInclude>
    <ClInclude Include="Box.h">
      <Filter>头文件\Drawable</Filter>
    </ClInclude>
    <ClInclude Include="TransformCbuf.h">
      <Filter>头文件\Bindable</Filter>
    </ClInclude>
    <ClInclude Include="Graphics.h">
      <Filter>头文件</Filter>
    </ClInclude>
    <ClInclude Include="Bindable.h">
      <Filter>头文件\Bindable</Filter>
    </ClInclude>
    <ClInclude Include="DrawableBase.h">
      <Filter>头文件\Drawable</Filter>
    </ClInclude>
    <ClInclude Include="Math3D.h">
      <Filter>头文件</Filter>
    </ClInclude>
    <ClInclude Include="Melon.h">
      <Filter>头文件\Drawable</Filter>
    </ClInclude>
    <ClInclude Include="Pyramid.h">
      <Filter>头文件\Drawable</Filter>
    </ClInclude>
    <ClInclude Include="Surface.h">
      <Filter>头文件\Drawable</Filter>
    </ClInclude>
    <ClInclude Include="Sampler.h">
      <Filter>头文件\Bindable</Filter>
    </ClInclude>
    <ClInclude Include="Texture.h">
      <Filter>头文件\Bindable</Filter>
    </ClInclude>
    <ClInclude Include="SkinnedBox.h">
      <Filter>头文件\Drawable</Filter>
    </ClInclude>
    <ClInclude Include="IndexedTriangleList.h">
      <Filter>头文件\Geometry</Filter>
    </ClInclude>
    <ClInclude Include="Cone.h">
      <Filter>头文件\Geometry</Filter>
    </ClInclude>
    <ClInclude Include="Cube.h">
      <Filter>头文件\Geometry</Filter>
    </ClInclude>
    <ClInclude Include="Plane.h">
      <Filter>头文件\Geometry</Filter>
    </ClInclude>
    <ClInclude Include="Sphere.h">
      <Filter>头文件\Geometry</Filter>
    </ClInclude>
    <ClInclude Include="Sheet.h">
      <Filter>头文件\Drawable</Filter>
    </ClInclude>
    <ClInclude Include="ImguiManager.h">
      <Filter>头文件</Filter>
    </ClInclude>
    <ClInclude Include="imgui\imgui_impl_win32.h">
      <Filter>imgui</Filter>
    </ClInclude>
    <ClInclude Include="imgui\imgui_impl_dx11.h">
      <Filter>imgui</Filter>
    </ClInclude>
    <ClInclude Include="imgui\imgui.h">
      <Filter>imgui</Filter>
    </ClInclude>
    <ClInclude Include="imgui\imgui_internal.h">
      <Filter>imgui</Filter>
    </ClInclude>
    <ClInclude Include="imgui\imstb_rectpack.h">
      <Filter>imgui</Filter>
    </ClInclude>
    <ClInclude Include="imgui\imstb_textedit.h">
      <Filter>imgui</Filter>
    </ClInclude>
    <ClInclude Include="imgui\imstb_truetype.h">
      <Filter>imgui</Filter>
    </ClInclude>
    <ClInclude Include="imgui\imconfig.h">
      <Filter>imgui</Filter>
    </ClInclude>
    <ClInclude Include="SolidSphere.h">
      <Filter>头文件\Drawable</Filter>
    </ClInclude>
    <ClInclude Include="Camera.h">
      <Filter>头文件\GraphicsBase</Filter>
    </ClInclude>
    <ClInclude Include="PointLight.h">
      <Filter>头文件\GraphicsBase</Filter>
    </ClInclude>
    <ClInclude Include="BaseDrawObject.h">
      <Filter>头文件\Drawable</Filter>
    </ClInclude>
    <ClInclude Include="SimObjectBase.h">
      <Filter>头文件\SimObject</Filter>
    </ClInclude>
    <ClInclude Include="ObjForces.h">
      <Filter>头文件\SimObject\Physics</Filter>
    </ClInclude>
    <ClInclude Include="ControlBase.h">
      <Filter>头文件\SimObject\Control</Filter>
    </ClInclude>
    <ClInclude Include="AssModel.h">
      <Filter>头文件\Drawable</Filter>
    </ClInclude>
    <ClInclude Include="EngineControl.h">
      <Filter>头文件\SimObject\Control</Filter>
    </ClInclude>
  </ItemGroup>
  <ItemGroup>
    <ResourceCompile Include="Resource.rc">
      <Filter>资源文件</Filter>
    </ResourceCompile>
  </ItemGroup>
  <ItemGroup>
    <Image Include="..\icon1.ico">
      <Filter>资源文件</Filter>
    </Image>
    <Image Include="images\cube.png">
      <Filter>Images</Filter>
    </Image>
    <Image Include="Images\map1.png">
      <Filter>Images</Filter>
    </Image>
  </ItemGroup>
  <ItemGroup>
    <FxCompile Include="ColorIndexVS.hlsl">
      <Filter>Shader</Filter>
    </FxCompile>
    <FxCompile Include="ColorIndexPS.hlsl">
      <Filter>Shader</Filter>
    </FxCompile>
    <FxCompile Include="ColorBlendVS.hlsl">
      <Filter>Shader</Filter>
    </FxCompile>
    <FxCompile Include="ColorBlendPS.hlsl">
      <Filter>Shader</Filter>
    </FxCompile>
    <FxCompile Include="TextureVS.hlsl">
      <Filter>Shader</Filter>
    </FxCompile>
    <FxCompile Include="TexturePS.hlsl">
      <Filter>Shader</Filter>
    </FxCompile>
    <FxCompile Include="PhongPS.hlsl">
      <Filter>Shader</Filter>
    </FxCompile>
    <FxCompile Include="PhongVS.hlsl">
      <Filter>Shader</Filter>
    </FxCompile>
    <FxCompile Include="SolidVS.hlsl">
      <Filter>Shader</Filter>
    </FxCompile>
    <FxCompile Include="SolidPS.hlsl">
      <Filter>Shader</Filter>
    </FxCompile>
    <FxCompile Include="BlendedPhongVS.hlsl">
      <Filter>Shader</Filter>
    </FxCompile>
    <FxCompile Include="BlendedPhongPS.hlsl">
      <Filter>Shader</Filter>
    </FxCompile>
    <FxCompile Include="TexturedPhongPS.hlsl">
      <Filter>Shader</Filter>
    </FxCompile>
    <FxCompile Include="TexturedPhongVS.hlsl">
      <Filter>Shader</Filter>
    </FxCompile>
  </ItemGroup>
  <ItemGroup>
    <None Include="..\README.md" />
  </ItemGroup>
</Project>